// !$*UTF8*$!
{
	archiveVersion = 1;
	classes = {
	};
	objectVersion = 56;
	objects = {

/* Begin PBXBuildFile section */
		117592C82B0A0C62001A53BD /* Location.swift in Sources */ = {isa = PBXBuildFile; fileRef = 117592C72B0A0C62001A53BD /* Location.swift */; };
		117592CA2B0A1299001A53BD /* LocationCellViewModel.swift in Sources */ = {isa = PBXBuildFile; fileRef = 117592C92B0A1299001A53BD /* LocationCellViewModel.swift */; };
		117592CE2B0A1AEC001A53BD /* LocationCell.swift in Sources */ = {isa = PBXBuildFile; fileRef = 117592CD2B0A1AEC001A53BD /* LocationCell.swift */; };
		117592D12B0AA533001A53BD /* LocationView.swift in Sources */ = {isa = PBXBuildFile; fileRef = 117592D02B0AA533001A53BD /* LocationView.swift */; };
		117592D42B0AA5C5001A53BD /* LocationViewModel.swift in Sources */ = {isa = PBXBuildFile; fileRef = 117592D32B0AA5C5001A53BD /* LocationViewModel.swift */; };
		117592D62B0AA712001A53BD /* CurrentConditionsView.swift in Sources */ = {isa = PBXBuildFile; fileRef = 117592D52B0AA712001A53BD /* CurrentConditionsView.swift */; };
		117592D82B0AA72E001A53BD /* CurrentConditionsViewModel.swift in Sources */ = {isa = PBXBuildFile; fileRef = 117592D72B0AA72E001A53BD /* CurrentConditionsViewModel.swift */; };
		117592DA2B0AA7CF001A53BD /* ForecastView.swift in Sources */ = {isa = PBXBuildFile; fileRef = 117592D92B0AA7CF001A53BD /* ForecastView.swift */; };
		117592DC2B0AA7E4001A53BD /* ForecastViewModel.swift in Sources */ = {isa = PBXBuildFile; fileRef = 117592DB2B0AA7E4001A53BD /* ForecastViewModel.swift */; };
		117592DE2B0AF97F001A53BD /* ForecastCell.swift in Sources */ = {isa = PBXBuildFile; fileRef = 117592DD2B0AF97F001A53BD /* ForecastCell.swift */; };
		117592E02B0AF9EB001A53BD /* ForecastCellViewModel.swift in Sources */ = {isa = PBXBuildFile; fileRef = 117592DF2B0AF9EB001A53BD /* ForecastCellViewModel.swift */; };
		117592E22B0B33BA001A53BD /* Colors.swift in Sources */ = {isa = PBXBuildFile; fileRef = 117592E12B0B33BA001A53BD /* Colors.swift */; };
		11762A122B09558200726F27 /* ThunderstormApp.swift in Sources */ = {isa = PBXBuildFile; fileRef = 11762A112B09558200726F27 /* ThunderstormApp.swift */; };
		11762A162B09558400726F27 /* Assets.xcassets in Resources */ = {isa = PBXBuildFile; fileRef = 11762A152B09558400726F27 /* Assets.xcassets */; };
		11762A192B09558400726F27 /* Preview Assets.xcassets in Resources */ = {isa = PBXBuildFile; fileRef = 11762A182B09558400726F27 /* Preview Assets.xcassets */; };
		11762A242B09592300726F27 /* LocationsView.swift in Sources */ = {isa = PBXBuildFile; fileRef = 11762A232B09592300726F27 /* LocationsView.swift */; };
		11762A272B095A5400726F27 /* LocationsViewModel.swift in Sources */ = {isa = PBXBuildFile; fileRef = 11762A262B095A5400726F27 /* LocationsViewModel.swift */; };
		11DC9D752B0C606A00932DC5 /* AddLocationView.swift in Sources */ = {isa = PBXBuildFile; fileRef = 11DC9D742B0C606A00932DC5 /* AddLocationView.swift */; };
		11DC9D782B0C609600932DC5 /* AddLocationViewModel.swift in Sources */ = {isa = PBXBuildFile; fileRef = 11DC9D772B0C609600932DC5 /* AddLocationViewModel.swift */; };
		11DC9D7A2B0C6B5100932DC5 /* AddLocationCell.swift in Sources */ = {isa = PBXBuildFile; fileRef = 11DC9D792B0C6B5100932DC5 /* AddLocationCell.swift */; };
		11DC9D7C2B0C6B7600932DC5 /* AddLocationCellViewModel.swift in Sources */ = {isa = PBXBuildFile; fileRef = 11DC9D7B2B0C6B7600932DC5 /* AddLocationCellViewModel.swift */; };
		478339E02B15B7D80029747D /* WeatherData.swift in Sources */ = {isa = PBXBuildFile; fileRef = 478339DF2B15B7D80029747D /* WeatherData.swift */; };
		478339E22B1680D10029747D /* clearsky.json in Resources */ = {isa = PBXBuildFile; fileRef = 478339E12B1680D10029747D /* clearsky.json */; };
		478339E42B1680FD0029747D /* WeatherData+Preview.swift in Sources */ = {isa = PBXBuildFile; fileRef = 478339E32B1680FD0029747D /* WeatherData+Preview.swift */; };
		478339E72B16835D0029747D /* ClearSkyDecoder.swift in Sources */ = {isa = PBXBuildFile; fileRef = 478339E62B16835D0029747D /* ClearSkyDecoder.swift */; };
		478339EA2B16CD220029747D /* WeatherService.swift in Sources */ = {isa = PBXBuildFile; fileRef = 478339E92B16CD220029747D /* WeatherService.swift */; };
		478339EC2B16CEEA0029747D /* WeatherClient.swift in Sources */ = {isa = PBXBuildFile; fileRef = 478339EB2B16CEEA0029747D /* WeatherClient.swift */; };
		478339EE2B16D6330029747D /* WeatherPreviewClient.swift in Sources */ = {isa = PBXBuildFile; fileRef = 478339ED2B16D6330029747D /* WeatherPreviewClient.swift */; };
		478339F12B16D9320029747D /* Configuration.swift in Sources */ = {isa = PBXBuildFile; fileRef = 478339F02B16D9320029747D /* Configuration.swift */; };
		478339F32B1721920029747D /* ClearSkyFormatter.swift in Sources */ = {isa = PBXBuildFile; fileRef = 478339F22B1721920029747D /* ClearSkyFormatter.swift */; };
		47833A192B172DDD0029747D /* ClearSkyFormatterTests.swift in Sources */ = {isa = PBXBuildFile; fileRef = 47833A182B172DDD0029747D /* ClearSkyFormatterTests.swift */; };
		478953AD2B14747700CF73F0 /* Geocoder.swift in Sources */ = {isa = PBXBuildFile; fileRef = 478953AC2B14747700CF73F0 /* Geocoder.swift */; };
		478953B02B14759E00CF73F0 /* CLGeocoderExtension.swift in Sources */ = {isa = PBXBuildFile; fileRef = 478953AF2B14759E00CF73F0 /* CLGeocoderExtension.swift */; };
		47E4091D2B14F8350004D619 /* UserDefaults+Helpers.swift in Sources */ = {isa = PBXBuildFile; fileRef = 47E4091C2B14F8350004D619 /* UserDefaults+Helpers.swift */; };
		47E409202B151B1F0004D619 /* Store.swift in Sources */ = {isa = PBXBuildFile; fileRef = 47E4091F2B151B1F0004D619 /* Store.swift */; };
		47E409222B151C050004D619 /* UserDefaults+Store.swift in Sources */ = {isa = PBXBuildFile; fileRef = 47E409212B151C050004D619 /* UserDefaults+Store.swift */; };
		47E409242B151E180004D619 /* PreviewStore.swift in Sources */ = {isa = PBXBuildFile; fileRef = 47E409232B151E170004D619 /* PreviewStore.swift */; };
		47FFA0EC2B13EF7600C44ED1 /* GeocodingService.swift in Sources */ = {isa = PBXBuildFile; fileRef = 47FFA0EB2B13EF7600C44ED1 /* GeocodingService.swift */; };
		47FFA0EE2B13EFEE00C44ED1 /* GeocodingPreviewClient.swift in Sources */ = {isa = PBXBuildFile; fileRef = 47FFA0ED2B13EFEE00C44ED1 /* GeocodingPreviewClient.swift */; };
		47FFA0F02B13F07D00C44ED1 /* GeocodingClient.swift in Sources */ = {isa = PBXBuildFile; fileRef = 47FFA0EF2B13F07D00C44ED1 /* GeocodingClient.swift */; };
/* End PBXBuildFile section */

/* Begin PBXContainerItemProxy section */
		47833A112B172D7D0029747D /* PBXContainerItemProxy */ = {
			isa = PBXContainerItemProxy;
			containerPortal = 11762A062B09558200726F27 /* Project object */;
			proxyType = 1;
			remoteGlobalIDString = 11762A0D2B09558200726F27;
			remoteInfo = Thunderstorm;
		};
/* End PBXContainerItemProxy section */

/* Begin PBXFileReference section */
		117592C72B0A0C62001A53BD /* Location.swift */ = {isa = PBXFileReference; lastKnownFileType = sourcecode.swift; path = Location.swift; sourceTree = "<group>"; };
		117592C92B0A1299001A53BD /* LocationCellViewModel.swift */ = {isa = PBXFileReference; lastKnownFileType = sourcecode.swift; path = LocationCellViewModel.swift; sourceTree = "<group>"; };
		117592CD2B0A1AEC001A53BD /* LocationCell.swift */ = {isa = PBXFileReference; lastKnownFileType = sourcecode.swift; path = LocationCell.swift; sourceTree = "<group>"; };
		117592D02B0AA533001A53BD /* LocationView.swift */ = {isa = PBXFileReference; lastKnownFileType = sourcecode.swift; path = LocationView.swift; sourceTree = "<group>"; };
		117592D32B0AA5C5001A53BD /* LocationViewModel.swift */ = {isa = PBXFileReference; lastKnownFileType = sourcecode.swift; path = LocationViewModel.swift; sourceTree = "<group>"; };
		117592D52B0AA712001A53BD /* CurrentConditionsView.swift */ = {isa = PBXFileReference; lastKnownFileType = sourcecode.swift; path = CurrentConditionsView.swift; sourceTree = "<group>"; };
		117592D72B0AA72E001A53BD /* CurrentConditionsViewModel.swift */ = {isa = PBXFileReference; lastKnownFileType = sourcecode.swift; path = CurrentConditionsViewModel.swift; sourceTree = "<group>"; };
		117592D92B0AA7CF001A53BD /* ForecastView.swift */ = {isa = PBXFileReference; lastKnownFileType = sourcecode.swift; path = ForecastView.swift; sourceTree = "<group>"; };
		117592DB2B0AA7E4001A53BD /* ForecastViewModel.swift */ = {isa = PBXFileReference; lastKnownFileType = sourcecode.swift; path = ForecastViewModel.swift; sourceTree = "<group>"; };
		117592DD2B0AF97F001A53BD /* ForecastCell.swift */ = {isa = PBXFileReference; lastKnownFileType = sourcecode.swift; path = ForecastCell.swift; sourceTree = "<group>"; };
		117592DF2B0AF9EB001A53BD /* ForecastCellViewModel.swift */ = {isa = PBXFileReference; lastKnownFileType = sourcecode.swift; path = ForecastCellViewModel.swift; sourceTree = "<group>"; };
		117592E12B0B33BA001A53BD /* Colors.swift */ = {isa = PBXFileReference; lastKnownFileType = sourcecode.swift; path = Colors.swift; sourceTree = "<group>"; };
		11762A0E2B09558200726F27 /* Thunderstorm.app */ = {isa = PBXFileReference; explicitFileType = wrapper.application; includeInIndex = 0; path = Thunderstorm.app; sourceTree = BUILT_PRODUCTS_DIR; };
		11762A112B09558200726F27 /* ThunderstormApp.swift */ = {isa = PBXFileReference; lastKnownFileType = sourcecode.swift; path = ThunderstormApp.swift; sourceTree = "<group>"; };
		11762A152B09558400726F27 /* Assets.xcassets */ = {isa = PBXFileReference; lastKnownFileType = folder.assetcatalog; path = Assets.xcassets; sourceTree = "<group>"; };
		11762A182B09558400726F27 /* Preview Assets.xcassets */ = {isa = PBXFileReference; lastKnownFileType = folder.assetcatalog; path = "Preview Assets.xcassets"; sourceTree = "<group>"; };
		11762A232B09592300726F27 /* LocationsView.swift */ = {isa = PBXFileReference; lastKnownFileType = sourcecode.swift; path = LocationsView.swift; sourceTree = "<group>"; };
		11762A262B095A5400726F27 /* LocationsViewModel.swift */ = {isa = PBXFileReference; lastKnownFileType = sourcecode.swift; path = LocationsViewModel.swift; sourceTree = "<group>"; };
		11DC9D742B0C606A00932DC5 /* AddLocationView.swift */ = {isa = PBXFileReference; lastKnownFileType = sourcecode.swift; path = AddLocationView.swift; sourceTree = "<group>"; };
		11DC9D772B0C609600932DC5 /* AddLocationViewModel.swift */ = {isa = PBXFileReference; lastKnownFileType = sourcecode.swift; path = AddLocationViewModel.swift; sourceTree = "<group>"; };
		11DC9D792B0C6B5100932DC5 /* AddLocationCell.swift */ = {isa = PBXFileReference; lastKnownFileType = sourcecode.swift; path = AddLocationCell.swift; sourceTree = "<group>"; };
		11DC9D7B2B0C6B7600932DC5 /* AddLocationCellViewModel.swift */ = {isa = PBXFileReference; lastKnownFileType = sourcecode.swift; path = AddLocationCellViewModel.swift; sourceTree = "<group>"; };
		478339DF2B15B7D80029747D /* WeatherData.swift */ = {isa = PBXFileReference; lastKnownFileType = sourcecode.swift; path = WeatherData.swift; sourceTree = "<group>"; };
		478339E12B1680D10029747D /* clearsky.json */ = {isa = PBXFileReference; fileEncoding = 4; lastKnownFileType = text.json; path = clearsky.json; sourceTree = "<group>"; };
		478339E32B1680FD0029747D /* WeatherData+Preview.swift */ = {isa = PBXFileReference; lastKnownFileType = sourcecode.swift; path = "WeatherData+Preview.swift"; sourceTree = "<group>"; };
		478339E62B16835D0029747D /* ClearSkyDecoder.swift */ = {isa = PBXFileReference; lastKnownFileType = sourcecode.swift; path = ClearSkyDecoder.swift; sourceTree = "<group>"; };
		478339E92B16CD220029747D /* WeatherService.swift */ = {isa = PBXFileReference; lastKnownFileType = sourcecode.swift; path = WeatherService.swift; sourceTree = "<group>"; };
		478339EB2B16CEEA0029747D /* WeatherClient.swift */ = {isa = PBXFileReference; lastKnownFileType = sourcecode.swift; path = WeatherClient.swift; sourceTree = "<group>"; };
		478339ED2B16D6330029747D /* WeatherPreviewClient.swift */ = {isa = PBXFileReference; lastKnownFileType = sourcecode.swift; path = WeatherPreviewClient.swift; sourceTree = "<group>"; };
		478339EF2B16D84D0029747D /* Info.plist */ = {isa = PBXFileReference; lastKnownFileType = text.plist; path = Info.plist; sourceTree = "<group>"; };
		478339F02B16D9320029747D /* Configuration.swift */ = {isa = PBXFileReference; lastKnownFileType = sourcecode.swift; path = Configuration.swift; sourceTree = "<group>"; };
		478339F22B1721920029747D /* ClearSkyFormatter.swift */ = {isa = PBXFileReference; lastKnownFileType = sourcecode.swift; path = ClearSkyFormatter.swift; sourceTree = "<group>"; };
		47833A0D2B172D7D0029747D /* ThunderstormTests.xctest */ = {isa = PBXFileReference; explicitFileType = wrapper.cfbundle; includeInIndex = 0; path = ThunderstormTests.xctest; sourceTree = BUILT_PRODUCTS_DIR; };
		47833A182B172DDD0029747D /* ClearSkyFormatterTests.swift */ = {isa = PBXFileReference; lastKnownFileType = sourcecode.swift; name = ClearSkyFormatterTests.swift; path = ../../../../../../Documents/ClearSkyFormatterTests.swift; sourceTree = "<group>"; };
		478953AC2B14747700CF73F0 /* Geocoder.swift */ = {isa = PBXFileReference; lastKnownFileType = sourcecode.swift; path = Geocoder.swift; sourceTree = "<group>"; };
		478953AF2B14759E00CF73F0 /* CLGeocoderExtension.swift */ = {isa = PBXFileReference; lastKnownFileType = sourcecode.swift; path = CLGeocoderExtension.swift; sourceTree = "<group>"; };
		47E4091C2B14F8350004D619 /* UserDefaults+Helpers.swift */ = {isa = PBXFileReference; lastKnownFileType = sourcecode.swift; path = "UserDefaults+Helpers.swift"; sourceTree = "<group>"; };
		47E4091F2B151B1F0004D619 /* Store.swift */ = {isa = PBXFileReference; lastKnownFileType = sourcecode.swift; path = Store.swift; sourceTree = "<group>"; };
		47E409212B151C050004D619 /* UserDefaults+Store.swift */ = {isa = PBXFileReference; lastKnownFileType = sourcecode.swift; path = "UserDefaults+Store.swift"; sourceTree = "<group>"; };
		47E409232B151E170004D619 /* PreviewStore.swift */ = {isa = PBXFileReference; lastKnownFileType = sourcecode.swift; path = PreviewStore.swift; sourceTree = "<group>"; };
		47FFA0EB2B13EF7600C44ED1 /* GeocodingService.swift */ = {isa = PBXFileReference; lastKnownFileType = sourcecode.swift; path = GeocodingService.swift; sourceTree = "<group>"; };
		47FFA0ED2B13EFEE00C44ED1 /* GeocodingPreviewClient.swift */ = {isa = PBXFileReference; lastKnownFileType = sourcecode.swift; path = GeocodingPreviewClient.swift; sourceTree = "<group>"; };
		47FFA0EF2B13F07D00C44ED1 /* GeocodingClient.swift */ = {isa = PBXFileReference; lastKnownFileType = sourcecode.swift; path = GeocodingClient.swift; sourceTree = "<group>"; };
/* End PBXFileReference section */

/* Begin PBXFrameworksBuildPhase section */
		11762A0B2B09558200726F27 /* Frameworks */ = {
			isa = PBXFrameworksBuildPhase;
			buildActionMask = 2147483647;
			files = (
			);
			runOnlyForDeploymentPostprocessing = 0;
		};
		47833A0A2B172D7D0029747D /* Frameworks */ = {
			isa = PBXFrameworksBuildPhase;
			buildActionMask = 2147483647;
			files = (
			);
			runOnlyForDeploymentPostprocessing = 0;
		};
/* End PBXFrameworksBuildPhase section */

/* Begin PBXGroup section */
		117592C62B0A0C3F001A53BD /* Models */ = {
			isa = PBXGroup;
			children = (
				117592C72B0A0C62001A53BD /* Location.swift */,
				478339DF2B15B7D80029747D /* WeatherData.swift */,
			);
			path = Models;
			sourceTree = "<group>";
		};
		117592CF2B0AA509001A53BD /* Location */ = {
			isa = PBXGroup;
			children = (
				117592D22B0AA575001A53BD /* ViewModels */,
				117592D02B0AA533001A53BD /* LocationView.swift */,
				117592D52B0AA712001A53BD /* CurrentConditionsView.swift */,
				117592D92B0AA7CF001A53BD /* ForecastView.swift */,
				117592DD2B0AF97F001A53BD /* ForecastCell.swift */,
			);
			path = Location;
			sourceTree = "<group>";
		};
		117592D22B0AA575001A53BD /* ViewModels */ = {
			isa = PBXGroup;
			children = (
				117592D32B0AA5C5001A53BD /* LocationViewModel.swift */,
				117592D72B0AA72E001A53BD /* CurrentConditionsViewModel.swift */,
				117592DB2B0AA7E4001A53BD /* ForecastViewModel.swift */,
				117592DF2B0AF9EB001A53BD /* ForecastCellViewModel.swift */,
			);
			path = ViewModels;
			sourceTree = "<group>";
		};
		11762A052B09558200726F27 = {
			isa = PBXGroup;
			children = (
				11762A102B09558200726F27 /* Thunderstorm */,
				47833A0E2B172D7D0029747D /* ThunderstormTests */,
				11762A0F2B09558200726F27 /* Products */,
			);
			sourceTree = "<group>";
		};
		11762A0F2B09558200726F27 /* Products */ = {
			isa = PBXGroup;
			children = (
				11762A0E2B09558200726F27 /* Thunderstorm.app */,
				47833A0D2B172D7D0029747D /* ThunderstormTests.xctest */,
			);
			name = Products;
			sourceTree = "<group>";
		};
		11762A102B09558200726F27 /* Thunderstorm */ = {
			isa = PBXGroup;
			children = (
				478339EF2B16D84D0029747D /* Info.plist */,
				478339E82B16CD0C0029747D /* Weather */,
				478339E52B16833F0029747D /* Utilities */,
				47E4091E2B151B030004D619 /* Store */,
				47E4091B2B14F80F0004D619 /* Extensions */,
				478953AE2B14756C00CF73F0 /* Geocoder */,
				47FFA0EA2B13EF4500C44ED1 /* Geocoding */,
				117592C62B0A0C3F001A53BD /* Models */,
				11762A212B09575F00726F27 /* App */,
				11762A202B09573800726F27 /* Views */,
				11762A1F2B09571000726F27 /* Resources */,
				11762A172B09558400726F27 /* Preview Content */,
			);
			path = Thunderstorm;
			sourceTree = "<group>";
		};
		11762A172B09558400726F27 /* Preview Content */ = {
			isa = PBXGroup;
			children = (
				478339E12B1680D10029747D /* clearsky.json */,
				11762A182B09558400726F27 /* Preview Assets.xcassets */,
				478339E32B1680FD0029747D /* WeatherData+Preview.swift */,
			);
			path = "Preview Content";
			sourceTree = "<group>";
		};
		11762A1F2B09571000726F27 /* Resources */ = {
			isa = PBXGroup;
			children = (
				11762A152B09558400726F27 /* Assets.xcassets */,
				117592E12B0B33BA001A53BD /* Colors.swift */,
			);
			path = Resources;
			sourceTree = "<group>";
		};
		11762A202B09573800726F27 /* Views */ = {
			isa = PBXGroup;
			children = (
				11DC9D722B0C5D9F00932DC5 /* AddLocation */,
				117592CF2B0AA509001A53BD /* Location */,
				11762A222B09590100726F27 /* Locations */,
			);
			path = Views;
			sourceTree = "<group>";
		};
		11762A212B09575F00726F27 /* App */ = {
			isa = PBXGroup;
			children = (
				11762A112B09558200726F27 /* ThunderstormApp.swift */,
			);
			path = App;
			sourceTree = "<group>";
		};
		11762A222B09590100726F27 /* Locations */ = {
			isa = PBXGroup;
			children = (
				11762A252B095A3400726F27 /* ViewModels */,
				11762A232B09592300726F27 /* LocationsView.swift */,
				117592CD2B0A1AEC001A53BD /* LocationCell.swift */,
			);
			path = Locations;
			sourceTree = "<group>";
		};
		11762A252B095A3400726F27 /* ViewModels */ = {
			isa = PBXGroup;
			children = (
				11762A262B095A5400726F27 /* LocationsViewModel.swift */,
				117592C92B0A1299001A53BD /* LocationCellViewModel.swift */,
			);
			path = ViewModels;
			sourceTree = "<group>";
		};
		11DC9D722B0C5D9F00932DC5 /* AddLocation */ = {
			isa = PBXGroup;
			children = (
				11DC9D762B0C607100932DC5 /* ViewModels */,
				11DC9D742B0C606A00932DC5 /* AddLocationView.swift */,
				11DC9D792B0C6B5100932DC5 /* AddLocationCell.swift */,
			);
			path = AddLocation;
			sourceTree = "<group>";
		};
		11DC9D762B0C607100932DC5 /* ViewModels */ = {
			isa = PBXGroup;
			children = (
				11DC9D772B0C609600932DC5 /* AddLocationViewModel.swift */,
				11DC9D7B2B0C6B7600932DC5 /* AddLocationCellViewModel.swift */,
			);
			path = ViewModels;
			sourceTree = "<group>";
		};
		478339E52B16833F0029747D /* Utilities */ = {
			isa = PBXGroup;
			children = (
				478339E62B16835D0029747D /* ClearSkyDecoder.swift */,
				478339F02B16D9320029747D /* Configuration.swift */,
				478339F22B1721920029747D /* ClearSkyFormatter.swift */,
			);
			path = Utilities;
			sourceTree = "<group>";
		};
		478339E82B16CD0C0029747D /* Weather */ = {
			isa = PBXGroup;
			children = (
				478339E92B16CD220029747D /* WeatherService.swift */,
				478339EB2B16CEEA0029747D /* WeatherClient.swift */,
				478339ED2B16D6330029747D /* WeatherPreviewClient.swift */,
			);
			path = Weather;
			sourceTree = "<group>";
		};
		47833A0E2B172D7D0029747D /* ThunderstormTests */ = {
			isa = PBXGroup;
			children = (
				47833A172B172D930029747D /* Cases */,
			);
			path = ThunderstormTests;
			sourceTree = "<group>";
		};
		47833A172B172D930029747D /* Cases */ = {
			isa = PBXGroup;
			children = (
				47833A182B172DDD0029747D /* ClearSkyFormatterTests.swift */,
			);
			path = Cases;
			sourceTree = "<group>";
		};
		478953AE2B14756C00CF73F0 /* Geocoder */ = {
			isa = PBXGroup;
			children = (
				478953AF2B14759E00CF73F0 /* CLGeocoderExtension.swift */,
			);
			path = Geocoder;
			sourceTree = "<group>";
		};
		47E4091B2B14F80F0004D619 /* Extensions */ = {
			isa = PBXGroup;
			children = (
				47E4091C2B14F8350004D619 /* UserDefaults+Helpers.swift */,
			);
			path = Extensions;
			sourceTree = "<group>";
		};
		47E4091E2B151B030004D619 /* Store */ = {
			isa = PBXGroup;
			children = (
				47E4091F2B151B1F0004D619 /* Store.swift */,
				47E409212B151C050004D619 /* UserDefaults+Store.swift */,
				47E409232B151E170004D619 /* PreviewStore.swift */,
			);
			path = Store;
			sourceTree = "<group>";
		};
		47FFA0EA2B13EF4500C44ED1 /* Geocoding */ = {
			isa = PBXGroup;
			children = (
				47FFA0EB2B13EF7600C44ED1 /* GeocodingService.swift */,
				47FFA0ED2B13EFEE00C44ED1 /* GeocodingPreviewClient.swift */,
				47FFA0EF2B13F07D00C44ED1 /* GeocodingClient.swift */,
				478953AC2B14747700CF73F0 /* Geocoder.swift */,
			);
			path = Geocoding;
			sourceTree = "<group>";
		};
/* End PBXGroup section */

/* Begin PBXNativeTarget section */
		11762A0D2B09558200726F27 /* Thunderstorm */ = {
			isa = PBXNativeTarget;
			buildConfigurationList = 11762A1C2B09558400726F27 /* Build configuration list for PBXNativeTarget "Thunderstorm" */;
			buildPhases = (
				11762A0A2B09558200726F27 /* Sources */,
				11762A0B2B09558200726F27 /* Frameworks */,
				11762A0C2B09558200726F27 /* Resources */,
			);
			buildRules = (
			);
			dependencies = (
			);
			name = Thunderstorm;
			productName = Thunderstorm;
			productReference = 11762A0E2B09558200726F27 /* Thunderstorm.app */;
			productType = "com.apple.product-type.application";
		};
		47833A0C2B172D7D0029747D /* ThunderstormTests */ = {
			isa = PBXNativeTarget;
			buildConfigurationList = 47833A132B172D7D0029747D /* Build configuration list for PBXNativeTarget "ThunderstormTests" */;
			buildPhases = (
				47833A092B172D7D0029747D /* Sources */,
				47833A0A2B172D7D0029747D /* Frameworks */,
				47833A0B2B172D7D0029747D /* Resources */,
			);
			buildRules = (
			);
			dependencies = (
				47833A122B172D7D0029747D /* PBXTargetDependency */,
			);
			name = ThunderstormTests;
			productName = ThunderstormTests;
			productReference = 47833A0D2B172D7D0029747D /* ThunderstormTests.xctest */;
			productType = "com.apple.product-type.bundle.unit-test";
		};
/* End PBXNativeTarget section */

/* Begin PBXProject section */
		11762A062B09558200726F27 /* Project object */ = {
			isa = PBXProject;
			attributes = {
				BuildIndependentTargetsInParallel = 1;
				LastSwiftUpdateCheck = 1500;
				LastUpgradeCheck = 1500;
				TargetAttributes = {
					11762A0D2B09558200726F27 = {
						CreatedOnToolsVersion = 15.0;
					};
					47833A0C2B172D7D0029747D = {
						CreatedOnToolsVersion = 15.0.1;
						LastSwiftMigration = 1500;
						TestTargetID = 11762A0D2B09558200726F27;
					};
				};
			};
			buildConfigurationList = 11762A092B09558200726F27 /* Build configuration list for PBXProject "Thunderstorm" */;
			compatibilityVersion = "Xcode 14.0";
			developmentRegion = en;
			hasScannedForEncodings = 0;
			knownRegions = (
				en,
				Base,
			);
			mainGroup = 11762A052B09558200726F27;
			productRefGroup = 11762A0F2B09558200726F27 /* Products */;
			projectDirPath = "";
			projectRoot = "";
			targets = (
				11762A0D2B09558200726F27 /* Thunderstorm */,
				47833A0C2B172D7D0029747D /* ThunderstormTests */,
			);
		};
/* End PBXProject section */

/* Begin PBXResourcesBuildPhase section */
		11762A0C2B09558200726F27 /* Resources */ = {
			isa = PBXResourcesBuildPhase;
			buildActionMask = 2147483647;
			files = (
				478339E22B1680D10029747D /* clearsky.json in Resources */,
				11762A192B09558400726F27 /* Preview Assets.xcassets in Resources */,
				11762A162B09558400726F27 /* Assets.xcassets in Resources */,
			);
			runOnlyForDeploymentPostprocessing = 0;
		};
		47833A0B2B172D7D0029747D /* Resources */ = {
			isa = PBXResourcesBuildPhase;
			buildActionMask = 2147483647;
			files = (
			);
			runOnlyForDeploymentPostprocessing = 0;
		};
/* End PBXResourcesBuildPhase section */

/* Begin PBXSourcesBuildPhase section */
		11762A0A2B09558200726F27 /* Sources */ = {
			isa = PBXSourcesBuildPhase;
			buildActionMask = 2147483647;
			files = (
				11DC9D7A2B0C6B5100932DC5 /* AddLocationCell.swift in Sources */,
				47E409222B151C050004D619 /* UserDefaults+Store.swift in Sources */,
				47E4091D2B14F8350004D619 /* UserDefaults+Helpers.swift in Sources */,
				47FFA0EC2B13EF7600C44ED1 /* GeocodingService.swift in Sources */,
				117592D82B0AA72E001A53BD /* CurrentConditionsViewModel.swift in Sources */,
				11DC9D7C2B0C6B7600932DC5 /* AddLocationCellViewModel.swift in Sources */,
				478339E72B16835D0029747D /* ClearSkyDecoder.swift in Sources */,
				117592E22B0B33BA001A53BD /* Colors.swift in Sources */,
				478339E42B1680FD0029747D /* WeatherData+Preview.swift in Sources */,
				117592D62B0AA712001A53BD /* CurrentConditionsView.swift in Sources */,
				47E409202B151B1F0004D619 /* Store.swift in Sources */,
				117592CE2B0A1AEC001A53BD /* LocationCell.swift in Sources */,
				478339F32B1721920029747D /* ClearSkyFormatter.swift in Sources */,
				11762A242B09592300726F27 /* LocationsView.swift in Sources */,
				117592DA2B0AA7CF001A53BD /* ForecastView.swift in Sources */,
				11762A122B09558200726F27 /* ThunderstormApp.swift in Sources */,
				478953AD2B14747700CF73F0 /* Geocoder.swift in Sources */,
				478339F12B16D9320029747D /* Configuration.swift in Sources */,
				478339EA2B16CD220029747D /* WeatherService.swift in Sources */,
				11DC9D782B0C609600932DC5 /* AddLocationViewModel.swift in Sources */,
				117592C82B0A0C62001A53BD /* Location.swift in Sources */,
				47E409242B151E180004D619 /* PreviewStore.swift in Sources */,
				478339EC2B16CEEA0029747D /* WeatherClient.swift in Sources */,
				117592D12B0AA533001A53BD /* LocationView.swift in Sources */,
				478339EE2B16D6330029747D /* WeatherPreviewClient.swift in Sources */,
				47FFA0EE2B13EFEE00C44ED1 /* GeocodingPreviewClient.swift in Sources */,
				478339E02B15B7D80029747D /* WeatherData.swift in Sources */,
				47FFA0F02B13F07D00C44ED1 /* GeocodingClient.swift in Sources */,
				478953B02B14759E00CF73F0 /* CLGeocoderExtension.swift in Sources */,
				11762A272B095A5400726F27 /* LocationsViewModel.swift in Sources */,
				117592E02B0AF9EB001A53BD /* ForecastCellViewModel.swift in Sources */,
				117592DC2B0AA7E4001A53BD /* ForecastViewModel.swift in Sources */,
				117592CA2B0A1299001A53BD /* LocationCellViewModel.swift in Sources */,
				11DC9D752B0C606A00932DC5 /* AddLocationView.swift in Sources */,
				117592DE2B0AF97F001A53BD /* ForecastCell.swift in Sources */,
				117592D42B0AA5C5001A53BD /* LocationViewModel.swift in Sources */,
			);
			runOnlyForDeploymentPostprocessing = 0;
		};
		47833A092B172D7D0029747D /* Sources */ = {
			isa = PBXSourcesBuildPhase;
			buildActionMask = 2147483647;
			files = (
				47833A192B172DDD0029747D /* ClearSkyFormatterTests.swift in Sources */,
			);
			runOnlyForDeploymentPostprocessing = 0;
		};
/* End PBXSourcesBuildPhase section */

/* Begin PBXTargetDependency section */
		47833A122B172D7D0029747D /* PBXTargetDependency */ = {
			isa = PBXTargetDependency;
			target = 11762A0D2B09558200726F27 /* Thunderstorm */;
			targetProxy = 47833A112B172D7D0029747D /* PBXContainerItemProxy */;
		};
/* End PBXTargetDependency section */

/* Begin XCBuildConfiguration section */
		11762A1A2B09558400726F27 /* Debug */ = {
			isa = XCBuildConfiguration;
			buildSettings = {
				ALWAYS_SEARCH_USER_PATHS = NO;
				ASSETCATALOG_COMPILER_GENERATE_SWIFT_ASSET_SYMBOL_EXTENSIONS = YES;
				CLANG_ANALYZER_NONNULL = YES;
				CLANG_ANALYZER_NUMBER_OBJECT_CONVERSION = YES_AGGRESSIVE;
				CLANG_CXX_LANGUAGE_STANDARD = "gnu++20";
				CLANG_ENABLE_MODULES = YES;
				CLANG_ENABLE_OBJC_ARC = YES;
				CLANG_ENABLE_OBJC_WEAK = YES;
				CLANG_WARN_BLOCK_CAPTURE_AUTORELEASING = YES;
				CLANG_WARN_BOOL_CONVERSION = YES;
				CLANG_WARN_COMMA = YES;
				CLANG_WARN_CONSTANT_CONVERSION = YES;
				CLANG_WARN_DEPRECATED_OBJC_IMPLEMENTATIONS = YES;
				CLANG_WARN_DIRECT_OBJC_ISA_USAGE = YES_ERROR;
				CLANG_WARN_DOCUMENTATION_COMMENTS = YES;
				CLANG_WARN_EMPTY_BODY = YES;
				CLANG_WARN_ENUM_CONVERSION = YES;
				CLANG_WARN_INFINITE_RECURSION = YES;
				CLANG_WARN_INT_CONVERSION = YES;
				CLANG_WARN_NON_LITERAL_NULL_CONVERSION = YES;
				CLANG_WARN_OBJC_IMPLICIT_RETAIN_SELF = YES;
				CLANG_WARN_OBJC_LITERAL_CONVERSION = YES;
				CLANG_WARN_OBJC_ROOT_CLASS = YES_ERROR;
				CLANG_WARN_QUOTED_INCLUDE_IN_FRAMEWORK_HEADER = YES;
				CLANG_WARN_RANGE_LOOP_ANALYSIS = YES;
				CLANG_WARN_STRICT_PROTOTYPES = YES;
				CLANG_WARN_SUSPICIOUS_MOVE = YES;
				CLANG_WARN_UNGUARDED_AVAILABILITY = YES_AGGRESSIVE;
				CLANG_WARN_UNREACHABLE_CODE = YES;
				CLANG_WARN__DUPLICATE_METHOD_MATCH = YES;
				COPY_PHASE_STRIP = NO;
				DEBUG_INFORMATION_FORMAT = dwarf;
				ENABLE_STRICT_OBJC_MSGSEND = YES;
				ENABLE_TESTABILITY = YES;
				ENABLE_USER_SCRIPT_SANDBOXING = YES;
				GCC_C_LANGUAGE_STANDARD = gnu17;
				GCC_DYNAMIC_NO_PIC = NO;
				GCC_NO_COMMON_BLOCKS = YES;
				GCC_OPTIMIZATION_LEVEL = 0;
				GCC_PREPROCESSOR_DEFINITIONS = (
					"DEBUG=1",
					"$(inherited)",
				);
				GCC_WARN_64_TO_32_BIT_CONVERSION = YES;
				GCC_WARN_ABOUT_RETURN_TYPE = YES_ERROR;
				GCC_WARN_UNDECLARED_SELECTOR = YES;
				GCC_WARN_UNINITIALIZED_AUTOS = YES_AGGRESSIVE;
				GCC_WARN_UNUSED_FUNCTION = YES;
				GCC_WARN_UNUSED_VARIABLE = YES;
				IPHONEOS_DEPLOYMENT_TARGET = 17.0;
				LOCALIZATION_PREFERS_STRING_CATALOGS = YES;
				MTL_ENABLE_DEBUG_INFO = INCLUDE_SOURCE;
				MTL_FAST_MATH = YES;
				ONLY_ACTIVE_ARCH = YES;
				SDKROOT = iphoneos;
				SWIFT_ACTIVE_COMPILATION_CONDITIONS = "DEBUG $(inherited)";
				SWIFT_OPTIMIZATION_LEVEL = "-Onone";
			};
			name = Debug;
		};
		11762A1B2B09558400726F27 /* Release */ = {
			isa = XCBuildConfiguration;
			buildSettings = {
				ALWAYS_SEARCH_USER_PATHS = NO;
				ASSETCATALOG_COMPILER_GENERATE_SWIFT_ASSET_SYMBOL_EXTENSIONS = YES;
				CLANG_ANALYZER_NONNULL = YES;
				CLANG_ANALYZER_NUMBER_OBJECT_CONVERSION = YES_AGGRESSIVE;
				CLANG_CXX_LANGUAGE_STANDARD = "gnu++20";
				CLANG_ENABLE_MODULES = YES;
				CLANG_ENABLE_OBJC_ARC = YES;
				CLANG_ENABLE_OBJC_WEAK = YES;
				CLANG_WARN_BLOCK_CAPTURE_AUTORELEASING = YES;
				CLANG_WARN_BOOL_CONVERSION = YES;
				CLANG_WARN_COMMA = YES;
				CLANG_WARN_CONSTANT_CONVERSION = YES;
				CLANG_WARN_DEPRECATED_OBJC_IMPLEMENTATIONS = YES;
				CLANG_WARN_DIRECT_OBJC_ISA_USAGE = YES_ERROR;
				CLANG_WARN_DOCUMENTATION_COMMENTS = YES;
				CLANG_WARN_EMPTY_BODY = YES;
				CLANG_WARN_ENUM_CONVERSION = YES;
				CLANG_WARN_INFINITE_RECURSION = YES;
				CLANG_WARN_INT_CONVERSION = YES;
				CLANG_WARN_NON_LITERAL_NULL_CONVERSION = YES;
				CLANG_WARN_OBJC_IMPLICIT_RETAIN_SELF = YES;
				CLANG_WARN_OBJC_LITERAL_CONVERSION = YES;
				CLANG_WARN_OBJC_ROOT_CLASS = YES_ERROR;
				CLANG_WARN_QUOTED_INCLUDE_IN_FRAMEWORK_HEADER = YES;
				CLANG_WARN_RANGE_LOOP_ANALYSIS = YES;
				CLANG_WARN_STRICT_PROTOTYPES = YES;
				CLANG_WARN_SUSPICIOUS_MOVE = YES;
				CLANG_WARN_UNGUARDED_AVAILABILITY = YES_AGGRESSIVE;
				CLANG_WARN_UNREACHABLE_CODE = YES;
				CLANG_WARN__DUPLICATE_METHOD_MATCH = YES;
				COPY_PHASE_STRIP = NO;
				DEBUG_INFORMATION_FORMAT = "dwarf-with-dsym";
				ENABLE_NS_ASSERTIONS = NO;
				ENABLE_STRICT_OBJC_MSGSEND = YES;
				ENABLE_USER_SCRIPT_SANDBOXING = YES;
				GCC_C_LANGUAGE_STANDARD = gnu17;
				GCC_NO_COMMON_BLOCKS = YES;
				GCC_WARN_64_TO_32_BIT_CONVERSION = YES;
				GCC_WARN_ABOUT_RETURN_TYPE = YES_ERROR;
				GCC_WARN_UNDECLARED_SELECTOR = YES;
				GCC_WARN_UNINITIALIZED_AUTOS = YES_AGGRESSIVE;
				GCC_WARN_UNUSED_FUNCTION = YES;
				GCC_WARN_UNUSED_VARIABLE = YES;
				IPHONEOS_DEPLOYMENT_TARGET = 17.0;
				LOCALIZATION_PREFERS_STRING_CATALOGS = YES;
				MTL_ENABLE_DEBUG_INFO = NO;
				MTL_FAST_MATH = YES;
				SDKROOT = iphoneos;
				SWIFT_COMPILATION_MODE = wholemodule;
				VALIDATE_PRODUCT = YES;
			};
			name = Release;
		};
		11762A1D2B09558400726F27 /* Debug */ = {
			isa = XCBuildConfiguration;
			buildSettings = {
				ASSETCATALOG_COMPILER_APPICON_NAME = AppIcon;
				ASSETCATALOG_COMPILER_GLOBAL_ACCENT_COLOR_NAME = AccentColor;
				CLEAR_SKY_API_KEY = tnperxfip8renk2hlzcccwetbnesby;
				CLEAR_SKY_BASE_URL = "https://www.cocoacasts.com/clearsky";
				CODE_SIGN_STYLE = Automatic;
				CURRENT_PROJECT_VERSION = 1;
				DEVELOPMENT_ASSET_PATHS = "\"Thunderstorm/Preview Content\"";
				ENABLE_PREVIEWS = YES;
				GENERATE_INFOPLIST_FILE = YES;
				INFOPLIST_FILE = Thunderstorm/Info.plist;
				INFOPLIST_KEY_UIApplicationSceneManifest_Generation = YES;
				INFOPLIST_KEY_UIApplicationSupportsIndirectInputEvents = YES;
				INFOPLIST_KEY_UILaunchScreen_Generation = YES;
				INFOPLIST_KEY_UISupportedInterfaceOrientations_iPad = "UIInterfaceOrientationPortrait UIInterfaceOrientationPortraitUpsideDown UIInterfaceOrientationLandscapeLeft UIInterfaceOrientationLandscapeRight";
				INFOPLIST_KEY_UISupportedInterfaceOrientations_iPhone = "UIInterfaceOrientationPortrait UIInterfaceOrientationLandscapeLeft UIInterfaceOrientationLandscapeRight";
				LD_RUNPATH_SEARCH_PATHS = (
					"$(inherited)",
					"@executable_path/Frameworks",
				);
				MARKETING_VERSION = 1.0;
				PRODUCT_BUNDLE_IDENTIFIER = com.the7thkind.Thunderstorm;
				PRODUCT_NAME = "$(TARGET_NAME)";
				SWIFT_EMIT_LOC_STRINGS = YES;
				SWIFT_VERSION = 5.0;
				TARGETED_DEVICE_FAMILY = "1,2";
			};
			name = Debug;
		};
		11762A1E2B09558400726F27 /* Release */ = {
			isa = XCBuildConfiguration;
			buildSettings = {
				ASSETCATALOG_COMPILER_APPICON_NAME = AppIcon;
				ASSETCATALOG_COMPILER_GLOBAL_ACCENT_COLOR_NAME = AccentColor;
				CLEAR_SKY_API_KEY = tnperxfip8renk2hlzcccwetbnesby;
				CLEAR_SKY_BASE_URL = "https://www.cocoacasts.com/clearsky";
				CODE_SIGN_STYLE = Automatic;
				CURRENT_PROJECT_VERSION = 1;
				DEVELOPMENT_ASSET_PATHS = "\"Thunderstorm/Preview Content\"";
				ENABLE_PREVIEWS = YES;
				GENERATE_INFOPLIST_FILE = YES;
				INFOPLIST_FILE = Thunderstorm/Info.plist;
				INFOPLIST_KEY_UIApplicationSceneManifest_Generation = YES;
				INFOPLIST_KEY_UIApplicationSupportsIndirectInputEvents = YES;
				INFOPLIST_KEY_UILaunchScreen_Generation = YES;
				INFOPLIST_KEY_UISupportedInterfaceOrientations_iPad = "UIInterfaceOrientationPortrait UIInterfaceOrientationPortraitUpsideDown UIInterfaceOrientationLandscapeLeft UIInterfaceOrientationLandscapeRight";
				INFOPLIST_KEY_UISupportedInterfaceOrientations_iPhone = "UIInterfaceOrientationPortrait UIInterfaceOrientationLandscapeLeft UIInterfaceOrientationLandscapeRight";
				LD_RUNPATH_SEARCH_PATHS = (
					"$(inherited)",
					"@executable_path/Frameworks",
				);
				MARKETING_VERSION = 1.0;
				PRODUCT_BUNDLE_IDENTIFIER = com.the7thkind.Thunderstorm;
				PRODUCT_NAME = "$(TARGET_NAME)";
				SWIFT_EMIT_LOC_STRINGS = YES;
				SWIFT_VERSION = 5.0;
				TARGETED_DEVICE_FAMILY = "1,2";
			};
			name = Release;
		};
		47833A142B172D7D0029747D /* Debug */ = {
			isa = XCBuildConfiguration;
			buildSettings = {
				BUNDLE_LOADER = "$(TEST_HOST)";
				CLANG_ENABLE_MODULES = YES;
				CODE_SIGN_STYLE = Automatic;
				CURRENT_PROJECT_VERSION = 1;
				GENERATE_INFOPLIST_FILE = YES;
				MARKETING_VERSION = 1.0;
				PRODUCT_BUNDLE_IDENTIFIER = com.alexander.ThunderstormTests;
				PRODUCT_NAME = "$(TARGET_NAME)";
				SWIFT_EMIT_LOC_STRINGS = NO;
				SWIFT_OPTIMIZATION_LEVEL = "-Onone";
				SWIFT_VERSION = 5.0;
				TARGETED_DEVICE_FAMILY = "1,2";
				TEST_HOST = "$(BUILT_PRODUCTS_DIR)/Thunderstorm.app/$(BUNDLE_EXECUTABLE_FOLDER_PATH)/Thunderstorm";
			};
			name = Debug;
		};
		47833A152B172D7D0029747D /* Release */ = {
			isa = XCBuildConfiguration;
			buildSettings = {
				BUNDLE_LOADER = "$(TEST_HOST)";
				CLANG_ENABLE_MODULES = YES;
				CODE_SIGN_STYLE = Automatic;
				CURRENT_PROJECT_VERSION = 1;
				GENERATE_INFOPLIST_FILE = YES;
				MARKETING_VERSION = 1.0;
				PRODUCT_BUNDLE_IDENTIFIER = com.alexander.ThunderstormTests;
				PRODUCT_NAME = "$(TARGET_NAME)";
				SWIFT_EMIT_LOC_STRINGS = NO;
				SWIFT_VERSION = 5.0;
				TARGETED_DEVICE_FAMILY = "1,2";
				TEST_HOST = "$(BUILT_PRODUCTS_DIR)/Thunderstorm.app/$(BUNDLE_EXECUTABLE_FOLDER_PATH)/Thunderstorm";
			};
			name = Release;
		};
/* End XCBuildConfiguration section */

/* Begin XCConfigurationList section */
		11762A092B09558200726F27 /* Build configuration list for PBXProject "Thunderstorm" */ = {
			isa = XCConfigurationList;
			buildConfigurations = (
				11762A1A2B09558400726F27 /* Debug */,
				11762A1B2B09558400726F27 /* Release */,
			);
			defaultConfigurationIsVisible = 0;
			defaultConfigurationName = Release;
		};
		11762A1C2B09558400726F27 /* Build configuration list for PBXNativeTarget "Thunderstorm" */ = {
			isa = XCConfigurationList;
			buildConfigurations = (
				11762A1D2B09558400726F27 /* Debug */,
				11762A1E2B09558400726F27 /* Release */,
			);
			defaultConfigurationIsVisible = 0;
			defaultConfigurationName = Release;
		};
		47833A132B172D7D0029747D /* Build configuration list for PBXNativeTarget "ThunderstormTests" */ = {
			isa = XCConfigurationList;
			buildConfigurations = (
				47833A142B172D7D0029747D /* Debug */,
				47833A152B172D7D0029747D /* Release */,
			);
			defaultConfigurationIsVisible = 0;
			defaultConfigurationName = Release;
		};
/* End XCConfigurationList section */
	};
	rootObject = 11762A062B09558200726F27 /* Project object */;
}
